
Microsoft Visual Studio Solution File, Format Version 12.00
# Visual Studio Version 17
VisualStudioVersion = 17.12.35514.174
MinimumVisualStudioVersion = 10.0.40219.1
Project("{FAE04EC0-301F-11D3-BF4B-00C04F79EFBC}") = "Tests", "Tests\Tests.csproj", "{AD6CB92A-0149-48F3-A3B4-1E938D47AFD4}"
EndProject
Project("{FAE04EC0-301F-11D3-BF4B-00C04F79EFBC}") = "UI", "UI\UI.csproj", "{9CD9FB91-E666-4D0D-A0D4-831ED96BA7F9}"
EndProject
Project("{FAE04EC0-301F-11D3-BF4B-00C04F79EFBC}") = "Core", "Core\Core.csproj", "{0D147F03-8409-45EF-A006-17FF9F81A69A}"
EndProject
Global
	GlobalSection(SolutionConfigurationPlatforms) = preSolution
		Debug|Any CPU = Debug|Any CPU
		Release|Any CPU = Release|Any CPU
	EndGlobalSection
	GlobalSection(ProjectConfigurationPlatforms) = postSolution
		{AD6CB92A-0149-48F3-A3B4-1E938D47AFD4}.Debug|Any CPU.ActiveCfg = Debug|Any CPU
		{AD6CB92A-0149-48F3-A3B4-1E938D47AFD4}.Debug|Any CPU.Build.0 = Debug|Any CPU
		{AD6CB92A-0149-48F3-A3B4-1E938D47AFD4}.Release|Any CPU.ActiveCfg = Release|Any CPU
		{AD6CB92A-0149-48F3-A3B4-1E938D47AFD4}.Release|Any CPU.Build.0 = Release|Any CPU
		{9CD9FB91-E666-4D0D-A0D4-831ED96BA7F9}.Debug|Any CPU.ActiveCfg = Debug|Any CPU
		{9CD9FB91-E666-4D0D-A0D4-831ED96BA7F9}.Debug|Any CPU.Build.0 = Debug|Any CPU
		{9CD9FB91-E666-4D0D-A0D4-831ED96BA7F9}.Release|Any CPU.ActiveCfg = Release|Any CPU
		{9CD9FB91-E666-4D0D-A0D4-831ED96BA7F9}.Release|Any CPU.Build.0 = Release|Any CPU
		{0D147F03-8409-45EF-A006-17FF9F81A69A}.Debug|Any CPU.ActiveCfg = Debug|Any CPU
		{0D147F03-8409-45EF-A006-17FF9F81A69A}.Debug|Any CPU.Build.0 = Debug|Any CPU
		{0D147F03-8409-45EF-A006-17FF9F81A69A}.Release|Any CPU.ActiveCfg = Release|Any CPU
		{0D147F03-8409-45EF-A006-17FF9F81A69A}.Release|Any CPU.Build.0 = Release|Any CPU
	EndGlobalSection
	GlobalSection(SolutionProperties) = preSolution
		HideSolutionNode = FALSE
	EndGlobalSection
EndGlobal
